
Microsoft Visual Studio Solution File, Format Version 12.00
Project("{2150E333-8FDC-42A3-9474-1A3956D46DE8}") = "src", "src", "{59EE8433-1FA3-474E-B13E-062275C58F1E}"
EndProject
Project("{2150E333-8FDC-42A3-9474-1A3956D46DE8}") = "tests", "tests", "{C559ABA2-4749-4AF5-9910-911B1FEA69FD}"
EndProject
Project("{FAE04EC0-301F-11D3-BF4B-00C04F79EFBC}") = "Commerce.Domain", "src\Commerce.Domain\Commerce.Domain.csproj", "{33D883F2-BD17-4B1C-BD3B-5B4455246E06}"
EndProject
Project("{FAE04EC0-301F-11D3-BF4B-00C04F79EFBC}") = "Commerce.API.Contract", "src\Commerce.API.Contract\Commerce.API.Contract.csproj", "{E588D901-432D-40DC-AB7E-EA00A47B39A1}"
EndProject
Project("{FAE04EC0-301F-11D3-BF4B-00C04F79EFBC}") = "Commerce.API.Client", "src\Commerce.API.Client\Commerce.API.Client.csproj", "{9C8F6F07-AF73-4560-B7BD-90A12D234FB5}"
EndProject
Project("{FAE04EC0-301F-11D3-BF4B-00C04F79EFBC}") = "Commerce.Infrastructure", "src\Commerce.Infrastructure\Commerce.Infrastructure.csproj", "{3AE89BD7-EA9F-4F67-9F0D-21AC8DF8B5BF}"
EndProject
Project("{FAE04EC0-301F-11D3-BF4B-00C04F79EFBC}") = "Commerce.Application", "src\Commerce.Application\Commerce.Application.csproj", "{61951F9A-5690-49EF-9F74-8DFDCB0CE4B2}"
EndProject
Project("{FAE04EC0-301F-11D3-BF4B-00C04F79EFBC}") = "Commerce.API", "src\Commerce.API\Commerce.API.csproj", "{E0CE1E34-EFDB-486F-ABFA-8202F354F914}"
EndProject
Project("{FAE04EC0-301F-11D3-BF4B-00C04F79EFBC}") = "Commerce.Fixtures", "tests\Commerce.Fixtures\Commerce.Fixtures.csproj", "{9FCEE798-6B23-4461-B648-01EA027E07AF}"
EndProject
Project("{FAE04EC0-301F-11D3-BF4B-00C04F79EFBC}") = "Commerce.Infrastructure.Tests", "tests\Commerce.Infrastructure.Tests\Commerce.Infrastructure.Tests.csproj", "{37ADAA84-AF8D-4B51-AE4D-D8E6C0D7D3C0}"
EndProject
Project("{FAE04EC0-301F-11D3-BF4B-00C04F79EFBC}") = "Commerce.API.Tests", "tests\Commerce.API.Tests\Commerce.API.Tests.csproj", "{8E97D3FE-BEC0-475A-8E56-4B274F9BDDD2}"
EndProject
Global
	GlobalSection(SolutionConfigurationPlatforms) = preSolution
		Debug|Any CPU = Debug|Any CPU
		Release|Any CPU = Release|Any CPU
	EndGlobalSection
	GlobalSection(NestedProjects) = preSolution
		{33D883F2-BD17-4B1C-BD3B-5B4455246E06} = {59EE8433-1FA3-474E-B13E-062275C58F1E}
		{E588D901-432D-40DC-AB7E-EA00A47B39A1} = {59EE8433-1FA3-474E-B13E-062275C58F1E}
		{9C8F6F07-AF73-4560-B7BD-90A12D234FB5} = {59EE8433-1FA3-474E-B13E-062275C58F1E}
		{3AE89BD7-EA9F-4F67-9F0D-21AC8DF8B5BF} = {59EE8433-1FA3-474E-B13E-062275C58F1E}
		{61951F9A-5690-49EF-9F74-8DFDCB0CE4B2} = {59EE8433-1FA3-474E-B13E-062275C58F1E}
		{E0CE1E34-EFDB-486F-ABFA-8202F354F914} = {59EE8433-1FA3-474E-B13E-062275C58F1E}
		{9FCEE798-6B23-4461-B648-01EA027E07AF} = {C559ABA2-4749-4AF5-9910-911B1FEA69FD}
		{37ADAA84-AF8D-4B51-AE4D-D8E6C0D7D3C0} = {C559ABA2-4749-4AF5-9910-911B1FEA69FD}
		{8E97D3FE-BEC0-475A-8E56-4B274F9BDDD2} = {C559ABA2-4749-4AF5-9910-911B1FEA69FD}
	EndGlobalSection
	GlobalSection(ProjectConfigurationPlatforms) = postSolution
		{33D883F2-BD17-4B1C-BD3B-5B4455246E06}.Debug|Any CPU.ActiveCfg = Debug|Any CPU
		{33D883F2-BD17-4B1C-BD3B-5B4455246E06}.Debug|Any CPU.Build.0 = Debug|Any CPU
		{33D883F2-BD17-4B1C-BD3B-5B4455246E06}.Release|Any CPU.ActiveCfg = Release|Any CPU
		{33D883F2-BD17-4B1C-BD3B-5B4455246E06}.Release|Any CPU.Build.0 = Release|Any CPU
		{E588D901-432D-40DC-AB7E-EA00A47B39A1}.Debug|Any CPU.ActiveCfg = Debug|Any CPU
		{E588D901-432D-40DC-AB7E-EA00A47B39A1}.Debug|Any CPU.Build.0 = Debug|Any CPU
		{E588D901-432D-40DC-AB7E-EA00A47B39A1}.Release|Any CPU.ActiveCfg = Release|Any CPU
		{E588D901-432D-40DC-AB7E-EA00A47B39A1}.Release|Any CPU.Build.0 = Release|Any CPU
		{9C8F6F07-AF73-4560-B7BD-90A12D234FB5}.Debug|Any CPU.ActiveCfg = Debug|Any CPU
		{9C8F6F07-AF73-4560-B7BD-90A12D234FB5}.Debug|Any CPU.Build.0 = Debug|Any CPU
		{9C8F6F07-AF73-4560-B7BD-90A12D234FB5}.Release|Any CPU.ActiveCfg = Release|Any CPU
		{9C8F6F07-AF73-4560-B7BD-90A12D234FB5}.Release|Any CPU.Build.0 = Release|Any CPU
		{3AE89BD7-EA9F-4F67-9F0D-21AC8DF8B5BF}.Debug|Any CPU.ActiveCfg = Debug|Any CPU
		{3AE89BD7-EA9F-4F67-9F0D-21AC8DF8B5BF}.Debug|Any CPU.Build.0 = Debug|Any CPU
		{3AE89BD7-EA9F-4F67-9F0D-21AC8DF8B5BF}.Release|Any CPU.ActiveCfg = Release|Any CPU
		{3AE89BD7-EA9F-4F67-9F0D-21AC8DF8B5BF}.Release|Any CPU.Build.0 = Release|Any CPU
		{61951F9A-5690-49EF-9F74-8DFDCB0CE4B2}.Debug|Any CPU.ActiveCfg = Debug|Any CPU
		{61951F9A-5690-49EF-9F74-8DFDCB0CE4B2}.Debug|Any CPU.Build.0 = Debug|Any CPU
		{61951F9A-5690-49EF-9F74-8DFDCB0CE4B2}.Release|Any CPU.ActiveCfg = Release|Any CPU
		{61951F9A-5690-49EF-9F74-8DFDCB0CE4B2}.Release|Any CPU.Build.0 = Release|Any CPU
		{E0CE1E34-EFDB-486F-ABFA-8202F354F914}.Debug|Any CPU.ActiveCfg = Debug|Any CPU
		{E0CE1E34-EFDB-486F-ABFA-8202F354F914}.Debug|Any CPU.Build.0 = Debug|Any CPU
		{E0CE1E34-EFDB-486F-ABFA-8202F354F914}.Release|Any CPU.ActiveCfg = Release|Any CPU
		{E0CE1E34-EFDB-486F-ABFA-8202F354F914}.Release|Any CPU.Build.0 = Release|Any CPU
		{9FCEE798-6B23-4461-B648-01EA027E07AF}.Debug|Any CPU.ActiveCfg = Debug|Any CPU
		{9FCEE798-6B23-4461-B648-01EA027E07AF}.Debug|Any CPU.Build.0 = Debug|Any CPU
		{9FCEE798-6B23-4461-B648-01EA027E07AF}.Release|Any CPU.ActiveCfg = Release|Any CPU
		{9FCEE798-6B23-4461-B648-01EA027E07AF}.Release|Any CPU.Build.0 = Release|Any CPU
		{37ADAA84-AF8D-4B51-AE4D-D8E6C0D7D3C0}.Debug|Any CPU.ActiveCfg = Debug|Any CPU
		{37ADAA84-AF8D-4B51-AE4D-D8E6C0D7D3C0}.Debug|Any CPU.Build.0 = Debug|Any CPU
		{37ADAA84-AF8D-4B51-AE4D-D8E6C0D7D3C0}.Release|Any CPU.ActiveCfg = Release|Any CPU
		{37ADAA84-AF8D-4B51-AE4D-D8E6C0D7D3C0}.Release|Any CPU.Build.0 = Release|Any CPU
		{8E97D3FE-BEC0-475A-8E56-4B274F9BDDD2}.Debug|Any CPU.ActiveCfg = Debug|Any CPU
		{8E97D3FE-BEC0-475A-8E56-4B274F9BDDD2}.Debug|Any CPU.Build.0 = Debug|Any CPU
		{8E97D3FE-BEC0-475A-8E56-4B274F9BDDD2}.Release|Any CPU.ActiveCfg = Release|Any CPU
		{8E97D3FE-BEC0-475A-8E56-4B274F9BDDD2}.Release|Any CPU.Build.0 = Release|Any CPU
	EndGlobalSection
EndGlobal
